// !$*UTF8*$!
{
	archiveVersion = 1;
	classes = {
	};
	objectVersion = 55;
	objects = {

/* Begin PBXBuildFile section */
		3903BA072879B8940084AC8A /* PasswordTF.swift in Sources */ = {isa = PBXBuildFile; fileRef = 3903BA062879B8940084AC8A /* PasswordTF.swift */; };
		3913624F2847D851007DAF92 /* XelaMusicView.swift in Sources */ = {isa = PBXBuildFile; fileRef = 3913624E2847D851007DAF92 /* XelaMusicView.swift */; };
		391362502847D851007DAF92 /* XelaMusicView.swift in Sources */ = {isa = PBXBuildFile; fileRef = 3913624E2847D851007DAF92 /* XelaMusicView.swift */; };
		391362522847DE14007DAF92 /* XelaHomeArtistView.swift in Sources */ = {isa = PBXBuildFile; fileRef = 391362512847DE14007DAF92 /* XelaHomeArtistView.swift */; };
		391362532847DE14007DAF92 /* XelaHomeArtistView.swift in Sources */ = {isa = PBXBuildFile; fileRef = 391362512847DE14007DAF92 /* XelaHomeArtistView.swift */; };
		392041A42896F84D001DDA31 /* CounterDetailView.swift in Sources */ = {isa = PBXBuildFile; fileRef = 392041A32896F84D001DDA31 /* CounterDetailView.swift */; };
		392041A52896F84D001DDA31 /* CounterDetailView.swift in Sources */ = {isa = PBXBuildFile; fileRef = 392041A32896F84D001DDA31 /* CounterDetailView.swift */; };
		39253F5A2862B6B500A75EB7 /* HostExperienceSection.swift in Sources */ = {isa = PBXBuildFile; fileRef = 39253F592862B6B500A75EB7 /* HostExperienceSection.swift */; };
		39253F5B2862B6B500A75EB7 /* HostExperienceSection.swift in Sources */ = {isa = PBXBuildFile; fileRef = 39253F592862B6B500A75EB7 /* HostExperienceSection.swift */; };
		392A65032863814D004E8B62 /* CustomTabBar.swift in Sources */ = {isa = PBXBuildFile; fileRef = 392A65022863814D004E8B62 /* CustomTabBar.swift */; };
		392A65042863814D004E8B62 /* CustomTabBar.swift in Sources */ = {isa = PBXBuildFile; fileRef = 392A65022863814D004E8B62 /* CustomTabBar.swift */; };
		393D1ABE288655D8002499FC /* Snackbar.swift in Sources */ = {isa = PBXBuildFile; fileRef = 393D1ABD288655D8002499FC /* Snackbar.swift */; };
		394B975E28484A33000DF61D /* XeloHomeArtistSection.swift in Sources */ = {isa = PBXBuildFile; fileRef = 394B975D28484A33000DF61D /* XeloHomeArtistSection.swift */; };
		394B975F28484A33000DF61D /* XeloHomeArtistSection.swift in Sources */ = {isa = PBXBuildFile; fileRef = 394B975D28484A33000DF61D /* XeloHomeArtistSection.swift */; };
		394B976128484A74000DF61D /* XeloHomeNewReleasesSection.swift in Sources */ = {isa = PBXBuildFile; fileRef = 394B976028484A74000DF61D /* XeloHomeNewReleasesSection.swift */; };
		394B976228484A74000DF61D /* XeloHomeNewReleasesSection.swift in Sources */ = {isa = PBXBuildFile; fileRef = 394B976028484A74000DF61D /* XeloHomeNewReleasesSection.swift */; };
		394B976428484AA6000DF61D /* XHNewReleasesCell.swift in Sources */ = {isa = PBXBuildFile; fileRef = 394B976328484AA6000DF61D /* XHNewReleasesCell.swift */; };
		394B976528484AA6000DF61D /* XHNewReleasesCell.swift in Sources */ = {isa = PBXBuildFile; fileRef = 394B976328484AA6000DF61D /* XHNewReleasesCell.swift */; };
		394B976728484FEE000DF61D /* XHTopweeklySection.swift in Sources */ = {isa = PBXBuildFile; fileRef = 394B976628484FEE000DF61D /* XHTopweeklySection.swift */; };
		394B976828484FEE000DF61D /* XHTopweeklySection.swift in Sources */ = {isa = PBXBuildFile; fileRef = 394B976628484FEE000DF61D /* XHTopweeklySection.swift */; };
		394B976A28485193000DF61D /* XHTopweeklyCell.swift in Sources */ = {isa = PBXBuildFile; fileRef = 394B976928485193000DF61D /* XHTopweeklyCell.swift */; };
		394B976B28485193000DF61D /* XHTopweeklyCell.swift in Sources */ = {isa = PBXBuildFile; fileRef = 394B976928485193000DF61D /* XHTopweeklyCell.swift */; };
		39526495285ECDF90034B1B5 /* WelcomeScreen.swift in Sources */ = {isa = PBXBuildFile; fileRef = 39526494285ECDF90034B1B5 /* WelcomeScreen.swift */; };
		397016B0281E2BA9006747D6 /* Tests_iOS.swift in Sources */ = {isa = PBXBuildFile; fileRef = 397016AF281E2BA9006747D6 /* Tests_iOS.swift */; };
		397016B2281E2BA9006747D6 /* Tests_iOSLaunchTests.swift in Sources */ = {isa = PBXBuildFile; fileRef = 397016B1281E2BA9006747D6 /* Tests_iOSLaunchTests.swift */; };
		397016BC281E2BA9006747D6 /* Tests_macOS.swift in Sources */ = {isa = PBXBuildFile; fileRef = 397016BB281E2BA9006747D6 /* Tests_macOS.swift */; };
		397016BE281E2BA9006747D6 /* Tests_macOSLaunchTests.swift in Sources */ = {isa = PBXBuildFile; fileRef = 397016BD281E2BA9006747D6 /* Tests_macOSLaunchTests.swift */; };
		397016BF281E2BA9006747D6 /* BasicUI_SwiftUI.xcdatamodeld in Sources */ = {isa = PBXBuildFile; fileRef = 39701694281E2BA8006747D6 /* BasicUI_SwiftUI.xcdatamodeld */; };
		397016C0281E2BA9006747D6 /* BasicUI_SwiftUI.xcdatamodeld in Sources */ = {isa = PBXBuildFile; fileRef = 39701694281E2BA8006747D6 /* BasicUI_SwiftUI.xcdatamodeld */; };
		397016C1281E2BA9006747D6 /* BasicUI_SwiftUIApp.swift in Sources */ = {isa = PBXBuildFile; fileRef = 39701696281E2BA8006747D6 /* BasicUI_SwiftUIApp.swift */; };
		397016C2281E2BA9006747D6 /* BasicUI_SwiftUIApp.swift in Sources */ = {isa = PBXBuildFile; fileRef = 39701696281E2BA8006747D6 /* BasicUI_SwiftUIApp.swift */; };
		397016C3281E2BA9006747D6 /* ContentView.swift in Sources */ = {isa = PBXBuildFile; fileRef = 39701697281E2BA8006747D6 /* ContentView.swift */; };
		397016C4281E2BA9006747D6 /* ContentView.swift in Sources */ = {isa = PBXBuildFile; fileRef = 39701697281E2BA8006747D6 /* ContentView.swift */; };
		397016C5281E2BA9006747D6 /* Persistence.swift in Sources */ = {isa = PBXBuildFile; fileRef = 39701698281E2BA8006747D6 /* Persistence.swift */; };
		397016C6281E2BA9006747D6 /* Persistence.swift in Sources */ = {isa = PBXBuildFile; fileRef = 39701698281E2BA8006747D6 /* Persistence.swift */; };
		397016C7281E2BA9006747D6 /* Assets.xcassets in Resources */ = {isa = PBXBuildFile; fileRef = 39701699281E2BA8006747D6 /* Assets.xcassets */; };
		397016C8281E2BA9006747D6 /* Assets.xcassets in Resources */ = {isa = PBXBuildFile; fileRef = 39701699281E2BA8006747D6 /* Assets.xcassets */; };
		397016D8281E2CFA006747D6 /* SaveTimeView.swift in Sources */ = {isa = PBXBuildFile; fileRef = 397016D7281E2CFA006747D6 /* SaveTimeView.swift */; };
		397016D9281E2CFA006747D6 /* SaveTimeView.swift in Sources */ = {isa = PBXBuildFile; fileRef = 397016D7281E2CFA006747D6 /* SaveTimeView.swift */; };
		397016DB281E2EE2006747D6 /* LoginView.swift in Sources */ = {isa = PBXBuildFile; fileRef = 397016DA281E2EE2006747D6 /* LoginView.swift */; };
		397016DC281E2EE2006747D6 /* LoginView.swift in Sources */ = {isa = PBXBuildFile; fileRef = 397016DA281E2EE2006747D6 /* LoginView.swift */; };
		397753DC286234F800472A68 /* AirbnbHomePage.swift in Sources */ = {isa = PBXBuildFile; fileRef = 397753DB286234F800472A68 /* AirbnbHomePage.swift */; };
		397753DD286234F800472A68 /* AirbnbHomePage.swift in Sources */ = {isa = PBXBuildFile; fileRef = 397753DB286234F800472A68 /* AirbnbHomePage.swift */; };
		398E2B062826E5CD00714DE9 /* VerifyRecoveryPhrase.swift in Sources */ = {isa = PBXBuildFile; fileRef = 398E2B052826E5CD00714DE9 /* VerifyRecoveryPhrase.swift */; };
		398E2B072826E5CD00714DE9 /* VerifyRecoveryPhrase.swift in Sources */ = {isa = PBXBuildFile; fileRef = 398E2B052826E5CD00714DE9 /* VerifyRecoveryPhrase.swift */; };
		39D4301C289A12BD001AE3E3 /* CounterDetail2View.swift in Sources */ = {isa = PBXBuildFile; fileRef = 39D4301B289A12BC001AE3E3 /* CounterDetail2View.swift */; };
		39D4301D289A12BD001AE3E3 /* CounterDetail2View.swift in Sources */ = {isa = PBXBuildFile; fileRef = 39D4301B289A12BC001AE3E3 /* CounterDetail2View.swift */; };
		39D4301F289A2E0A001AE3E3 /* CounterDetail3View.swift in Sources */ = {isa = PBXBuildFile; fileRef = 39D4301E289A2E0A001AE3E3 /* CounterDetail3View.swift */; };
		39D43020289A2E0A001AE3E3 /* CounterDetail3View.swift in Sources */ = {isa = PBXBuildFile; fileRef = 39D4301E289A2E0A001AE3E3 /* CounterDetail3View.swift */; };
		39DF3FB82894CFBD00ADE33E /* CounterVM.swift in Sources */ = {isa = PBXBuildFile; fileRef = 39DF3FB72894CFBD00ADE33E /* CounterVM.swift */; };
		39DF3FB92894CFBD00ADE33E /* CounterVM.swift in Sources */ = {isa = PBXBuildFile; fileRef = 39DF3FB72894CFBD00ADE33E /* CounterVM.swift */; };
		39DF3FBC2894CFFB00ADE33E /* CounterView.swift in Sources */ = {isa = PBXBuildFile; fileRef = 39DF3FBB2894CFFB00ADE33E /* CounterView.swift */; };
		39DF3FBD2894CFFB00ADE33E /* CounterView.swift in Sources */ = {isa = PBXBuildFile; fileRef = 39DF3FBB2894CFFB00ADE33E /* CounterView.swift */; };
		39EC99312877289100AAD65D /* TrustWalletHome.swift in Sources */ = {isa = PBXBuildFile; fileRef = 39EC99302877289100AAD65D /* TrustWalletHome.swift */; };
		39EC99322877289100AAD65D /* TrustWalletHome.swift in Sources */ = {isa = PBXBuildFile; fileRef = 39EC99302877289100AAD65D /* TrustWalletHome.swift */; };
		39EC99342877303200AAD65D /* CustomColors.swift in Sources */ = {isa = PBXBuildFile; fileRef = 39EC99332877303200AAD65D /* CustomColors.swift */; };
		39EC99352877303200AAD65D /* CustomColors.swift in Sources */ = {isa = PBXBuildFile; fileRef = 39EC99332877303200AAD65D /* CustomColors.swift */; };
/* End PBXBuildFile section */

/* Begin PBXContainerItemProxy section */
		397016AC281E2BA9006747D6 /* PBXContainerItemProxy */ = {
			isa = PBXContainerItemProxy;
			containerPortal = 3970168F281E2BA8006747D6 /* Project object */;
			proxyType = 1;
			remoteGlobalIDString = 3970169D281E2BA8006747D6;
			remoteInfo = "BasicUI-SwiftUI (iOS)";
		};
		397016B8281E2BA9006747D6 /* PBXContainerItemProxy */ = {
			isa = PBXContainerItemProxy;
			containerPortal = 3970168F281E2BA8006747D6 /* Project object */;
			proxyType = 1;
			remoteGlobalIDString = 397016A3281E2BA9006747D6;
			remoteInfo = "BasicUI-SwiftUI (macOS)";
		};
/* End PBXContainerItemProxy section */

/* Begin PBXFileReference section */
		3903BA062879B8940084AC8A /* PasswordTF.swift */ = {isa = PBXFileReference; lastKnownFileType = sourcecode.swift; path = PasswordTF.swift; sourceTree = "<group>"; };
		3913624E2847D851007DAF92 /* XelaMusicView.swift */ = {isa = PBXFileReference; lastKnownFileType = sourcecode.swift; path = XelaMusicView.swift; sourceTree = "<group>"; };
		391362512847DE14007DAF92 /* XelaHomeArtistView.swift */ = {isa = PBXFileReference; lastKnownFileType = sourcecode.swift; path = XelaHomeArtistView.swift; sourceTree = "<group>"; };
		392041A32896F84D001DDA31 /* CounterDetailView.swift */ = {isa = PBXFileReference; lastKnownFileType = sourcecode.swift; path = CounterDetailView.swift; sourceTree = "<group>"; };
		39253F592862B6B500A75EB7 /* HostExperienceSection.swift */ = {isa = PBXFileReference; lastKnownFileType = sourcecode.swift; path = HostExperienceSection.swift; sourceTree = "<group>"; };
		392A65022863814D004E8B62 /* CustomTabBar.swift */ = {isa = PBXFileReference; lastKnownFileType = sourcecode.swift; path = CustomTabBar.swift; sourceTree = "<group>"; };
		393D1ABD288655D8002499FC /* Snackbar.swift */ = {isa = PBXFileReference; lastKnownFileType = sourcecode.swift; path = Snackbar.swift; sourceTree = "<group>"; };
		394B975D28484A33000DF61D /* XeloHomeArtistSection.swift */ = {isa = PBXFileReference; lastKnownFileType = sourcecode.swift; path = XeloHomeArtistSection.swift; sourceTree = "<group>"; };
		394B976028484A74000DF61D /* XeloHomeNewReleasesSection.swift */ = {isa = PBXFileReference; lastKnownFileType = sourcecode.swift; path = XeloHomeNewReleasesSection.swift; sourceTree = "<group>"; };
		394B976328484AA6000DF61D /* XHNewReleasesCell.swift */ = {isa = PBXFileReference; lastKnownFileType = sourcecode.swift; path = XHNewReleasesCell.swift; sourceTree = "<group>"; };
		394B976628484FEE000DF61D /* XHTopweeklySection.swift */ = {isa = PBXFileReference; lastKnownFileType = sourcecode.swift; path = XHTopweeklySection.swift; sourceTree = "<group>"; };
		394B976928485193000DF61D /* XHTopweeklyCell.swift */ = {isa = PBXFileReference; lastKnownFileType = sourcecode.swift; path = XHTopweeklyCell.swift; sourceTree = "<group>"; };
		39526494285ECDF90034B1B5 /* WelcomeScreen.swift */ = {isa = PBXFileReference; lastKnownFileType = sourcecode.swift; path = WelcomeScreen.swift; sourceTree = "<group>"; };
		39701695281E2BA8006747D6 /* Shared.xcdatamodel */ = {isa = PBXFileReference; lastKnownFileType = wrapper.xcdatamodel; path = Shared.xcdatamodel; sourceTree = "<group>"; };
		39701696281E2BA8006747D6 /* BasicUI_SwiftUIApp.swift */ = {isa = PBXFileReference; lastKnownFileType = sourcecode.swift; path = BasicUI_SwiftUIApp.swift; sourceTree = "<group>"; };
		39701697281E2BA8006747D6 /* ContentView.swift */ = {isa = PBXFileReference; lastKnownFileType = sourcecode.swift; path = ContentView.swift; sourceTree = "<group>"; };
		39701698281E2BA8006747D6 /* Persistence.swift */ = {isa = PBXFileReference; lastKnownFileType = sourcecode.swift; path = Persistence.swift; sourceTree = "<group>"; };
		39701699281E2BA8006747D6 /* Assets.xcassets */ = {isa = PBXFileReference; lastKnownFileType = folder.assetcatalog; path = Assets.xcassets; sourceTree = "<group>"; };
		3970169E281E2BA8006747D6 /* BasicUI-SwiftUI.app */ = {isa = PBXFileReference; explicitFileType = wrapper.application; includeInIndex = 0; path = "BasicUI-SwiftUI.app"; sourceTree = BUILT_PRODUCTS_DIR; };
		397016A4281E2BA9006747D6 /* BasicUI-SwiftUI.app */ = {isa = PBXFileReference; explicitFileType = wrapper.application; includeInIndex = 0; path = "BasicUI-SwiftUI.app"; sourceTree = BUILT_PRODUCTS_DIR; };
		397016A6281E2BA9006747D6 /* macOS.entitlements */ = {isa = PBXFileReference; lastKnownFileType = text.plist.entitlements; path = macOS.entitlements; sourceTree = "<group>"; };
		397016AB281E2BA9006747D6 /* Tests iOS.xctest */ = {isa = PBXFileReference; explicitFileType = wrapper.cfbundle; includeInIndex = 0; path = "Tests iOS.xctest"; sourceTree = BUILT_PRODUCTS_DIR; };
		397016AF281E2BA9006747D6 /* Tests_iOS.swift */ = {isa = PBXFileReference; lastKnownFileType = sourcecode.swift; path = Tests_iOS.swift; sourceTree = "<group>"; };
		397016B1281E2BA9006747D6 /* Tests_iOSLaunchTests.swift */ = {isa = PBXFileReference; lastKnownFileType = sourcecode.swift; path = Tests_iOSLaunchTests.swift; sourceTree = "<group>"; };
		397016B7281E2BA9006747D6 /* Tests macOS.xctest */ = {isa = PBXFileReference; explicitFileType = wrapper.cfbundle; includeInIndex = 0; path = "Tests macOS.xctest"; sourceTree = BUILT_PRODUCTS_DIR; };
		397016BB281E2BA9006747D6 /* Tests_macOS.swift */ = {isa = PBXFileReference; lastKnownFileType = sourcecode.swift; path = Tests_macOS.swift; sourceTree = "<group>"; };
		397016BD281E2BA9006747D6 /* Tests_macOSLaunchTests.swift */ = {isa = PBXFileReference; lastKnownFileType = sourcecode.swift; path = Tests_macOSLaunchTests.swift; sourceTree = "<group>"; };
		397016D7281E2CFA006747D6 /* SaveTimeView.swift */ = {isa = PBXFileReference; lastKnownFileType = sourcecode.swift; path = SaveTimeView.swift; sourceTree = "<group>"; };
		397016DA281E2EE2006747D6 /* LoginView.swift */ = {isa = PBXFileReference; lastKnownFileType = sourcecode.swift; path = LoginView.swift; sourceTree = "<group>"; };
		397753DB286234F800472A68 /* AirbnbHomePage.swift */ = {isa = PBXFileReference; lastKnownFileType = sourcecode.swift; path = AirbnbHomePage.swift; sourceTree = "<group>"; };
		398E2B052826E5CD00714DE9 /* VerifyRecoveryPhrase.swift */ = {isa = PBXFileReference; lastKnownFileType = sourcecode.swift; path = VerifyRecoveryPhrase.swift; sourceTree = "<group>"; };
		39D4301B289A12BC001AE3E3 /* CounterDetail2View.swift */ = {isa = PBXFileReference; lastKnownFileType = sourcecode.swift; path = CounterDetail2View.swift; sourceTree = "<group>"; };
		39D4301E289A2E0A001AE3E3 /* CounterDetail3View.swift */ = {isa = PBXFileReference; lastKnownFileType = sourcecode.swift; path = CounterDetail3View.swift; sourceTree = "<group>"; };
		39DF3FB72894CFBD00ADE33E /* CounterVM.swift */ = {isa = PBXFileReference; lastKnownFileType = sourcecode.swift; path = CounterVM.swift; sourceTree = "<group>"; };
		39DF3FBB2894CFFB00ADE33E /* CounterView.swift */ = {isa = PBXFileReference; lastKnownFileType = sourcecode.swift; path = CounterView.swift; sourceTree = "<group>"; };
		39EC99302877289100AAD65D /* TrustWalletHome.swift */ = {isa = PBXFileReference; lastKnownFileType = sourcecode.swift; path = TrustWalletHome.swift; sourceTree = "<group>"; };
		39EC99332877303200AAD65D /* CustomColors.swift */ = {isa = PBXFileReference; lastKnownFileType = sourcecode.swift; path = CustomColors.swift; sourceTree = "<group>"; };
/* End PBXFileReference section */

/* Begin PBXFrameworksBuildPhase section */
		3970169B281E2BA8006747D6 /* Frameworks */ = {
			isa = PBXFrameworksBuildPhase;
			buildActionMask = 2147483647;
			files = (
			);
			runOnlyForDeploymentPostprocessing = 0;
		};
		397016A1281E2BA9006747D6 /* Frameworks */ = {
			isa = PBXFrameworksBuildPhase;
			buildActionMask = 2147483647;
			files = (
			);
			runOnlyForDeploymentPostprocessing = 0;
		};
		397016A8281E2BA9006747D6 /* Frameworks */ = {
			isa = PBXFrameworksBuildPhase;
			buildActionMask = 2147483647;
			files = (
			);
			runOnlyForDeploymentPostprocessing = 0;
		};
		397016B4281E2BA9006747D6 /* Frameworks */ = {
			isa = PBXFrameworksBuildPhase;
			buildActionMask = 2147483647;
			files = (
			);
			runOnlyForDeploymentPostprocessing = 0;
		};
/* End PBXFrameworksBuildPhase section */

/* Begin PBXGroup section */
		3903BA052879B8750084AC8A /* UIComponents */ = {
			isa = PBXGroup;
			children = (
				3903BA062879B8940084AC8A /* PasswordTF.swift */,
				393D1ABD288655D8002499FC /* Snackbar.swift */,
			);
			path = UIComponents;
			sourceTree = "<group>";
		};
		394B976C28485538000DF61D /* XeloHomeDesign */ = {
			isa = PBXGroup;
			children = (
				394B976628484FEE000DF61D /* XHTopweeklySection.swift */,
				394B976928485193000DF61D /* XHTopweeklyCell.swift */,
				394B976028484A74000DF61D /* XeloHomeNewReleasesSection.swift */,
				394B975D28484A33000DF61D /* XeloHomeArtistSection.swift */,
				391362512847DE14007DAF92 /* XelaHomeArtistView.swift */,
				394B976328484AA6000DF61D /* XHNewReleasesCell.swift */,
				3913624E2847D851007DAF92 /* XelaMusicView.swift */,
			);
			path = XeloHomeDesign;
			sourceTree = "<group>";
		};
		39526493285ECD040034B1B5 /* Anastasia-CryptoDesign */ = {
			isa = PBXGroup;
			children = (
				39526494285ECDF90034B1B5 /* WelcomeScreen.swift */,
			);
			path = "Anastasia-CryptoDesign";
			sourceTree = "<group>";
		};
		3970168E281E2BA8006747D6 = {
			isa = PBXGroup;
			children = (
				39701693281E2BA8006747D6 /* Shared */,
				397016A5281E2BA9006747D6 /* macOS */,
				397016AE281E2BA9006747D6 /* Tests iOS */,
				397016BA281E2BA9006747D6 /* Tests macOS */,
				3970169F281E2BA8006747D6 /* Products */,
			);
			sourceTree = "<group>";
		};
		39701693281E2BA8006747D6 /* Shared */ = {
			isa = PBXGroup;
			children = (
				39701696281E2BA8006747D6 /* BasicUI_SwiftUIApp.swift */,
				39701697281E2BA8006747D6 /* ContentView.swift */,
				397016D7281E2CFA006747D6 /* SaveTimeView.swift */,
				397016DA281E2EE2006747D6 /* LoginView.swift */,
				39DF3FBA2894CFDD00ADE33E /* CounterExample */,
				39EC99332877303200AAD65D /* CustomColors.swift */,
				3903BA052879B8750084AC8A /* UIComponents */,
				397753DA286234CC00472A68 /* AirBNBDesigns */,
				394B976C28485538000DF61D /* XeloHomeDesign */,
				398E2B052826E5CD00714DE9 /* VerifyRecoveryPhrase.swift */,
				39526493285ECD040034B1B5 /* Anastasia-CryptoDesign */,
				39701698281E2BA8006747D6 /* Persistence.swift */,
				39701699281E2BA8006747D6 /* Assets.xcassets */,
				39701694281E2BA8006747D6 /* BasicUI_SwiftUI.xcdatamodeld */,
			);
			path = Shared;
			sourceTree = "<group>";
		};
		3970169F281E2BA8006747D6 /* Products */ = {
			isa = PBXGroup;
			children = (
				3970169E281E2BA8006747D6 /* BasicUI-SwiftUI.app */,
				397016A4281E2BA9006747D6 /* BasicUI-SwiftUI.app */,
				397016AB281E2BA9006747D6 /* Tests iOS.xctest */,
				397016B7281E2BA9006747D6 /* Tests macOS.xctest */,
			);
			name = Products;
			sourceTree = "<group>";
		};
		397016A5281E2BA9006747D6 /* macOS */ = {
			isa = PBXGroup;
			children = (
				397016A6281E2BA9006747D6 /* macOS.entitlements */,
			);
			path = macOS;
			sourceTree = "<group>";
		};
		397016AE281E2BA9006747D6 /* Tests iOS */ = {
			isa = PBXGroup;
			children = (
				397016AF281E2BA9006747D6 /* Tests_iOS.swift */,
				397016B1281E2BA9006747D6 /* Tests_iOSLaunchTests.swift */,
			);
			path = "Tests iOS";
			sourceTree = "<group>";
		};
		397016BA281E2BA9006747D6 /* Tests macOS */ = {
			isa = PBXGroup;
			children = (
				397016BB281E2BA9006747D6 /* Tests_macOS.swift */,
				397016BD281E2BA9006747D6 /* Tests_macOSLaunchTests.swift */,
			);
			path = "Tests macOS";
			sourceTree = "<group>";
		};
		397753DA286234CC00472A68 /* AirBNBDesigns */ = {
			isa = PBXGroup;
			children = (
				397753DB286234F800472A68 /* AirbnbHomePage.swift */,
				39253F592862B6B500A75EB7 /* HostExperienceSection.swift */,
				392A65022863814D004E8B62 /* CustomTabBar.swift */,
				39EC99302877289100AAD65D /* TrustWalletHome.swift */,
			);
			path = AirBNBDesigns;
			sourceTree = "<group>";
		};
		39DF3FBA2894CFDD00ADE33E /* CounterExample */ = {
			isa = PBXGroup;
			children = (
				39DF3FB72894CFBD00ADE33E /* CounterVM.swift */,
				39DF3FBB2894CFFB00ADE33E /* CounterView.swift */,
				392041A32896F84D001DDA31 /* CounterDetailView.swift */,
				39D4301B289A12BC001AE3E3 /* CounterDetail2View.swift */,
				39D4301E289A2E0A001AE3E3 /* CounterDetail3View.swift */,
			);
			path = CounterExample;
			sourceTree = "<group>";
		};
/* End PBXGroup section */

/* Begin PBXNativeTarget section */
		3970169D281E2BA8006747D6 /* BasicUI-SwiftUI (iOS) */ = {
			isa = PBXNativeTarget;
			buildConfigurationList = 397016CB281E2BA9006747D6 /* Build configuration list for PBXNativeTarget "BasicUI-SwiftUI (iOS)" */;
			buildPhases = (
				3970169A281E2BA8006747D6 /* Sources */,
				3970169B281E2BA8006747D6 /* Frameworks */,
				3970169C281E2BA8006747D6 /* Resources */,
			);
			buildRules = (
			);
			dependencies = (
			);
			name = "BasicUI-SwiftUI (iOS)";
			productName = "BasicUI-SwiftUI (iOS)";
			productReference = 3970169E281E2BA8006747D6 /* BasicUI-SwiftUI.app */;
			productType = "com.apple.product-type.application";
		};
		397016A3281E2BA9006747D6 /* BasicUI-SwiftUI (macOS) */ = {
			isa = PBXNativeTarget;
			buildConfigurationList = 397016CE281E2BA9006747D6 /* Build configuration list for PBXNativeTarget "BasicUI-SwiftUI (macOS)" */;
			buildPhases = (
				397016A0281E2BA9006747D6 /* Sources */,
				397016A1281E2BA9006747D6 /* Frameworks */,
				397016A2281E2BA9006747D6 /* Resources */,
			);
			buildRules = (
			);
			dependencies = (
			);
			name = "BasicUI-SwiftUI (macOS)";
			productName = "BasicUI-SwiftUI (macOS)";
			productReference = 397016A4281E2BA9006747D6 /* BasicUI-SwiftUI.app */;
			productType = "com.apple.product-type.application";
		};
		397016AA281E2BA9006747D6 /* Tests iOS */ = {
			isa = PBXNativeTarget;
			buildConfigurationList = 397016D1281E2BA9006747D6 /* Build configuration list for PBXNativeTarget "Tests iOS" */;
			buildPhases = (
				397016A7281E2BA9006747D6 /* Sources */,
				397016A8281E2BA9006747D6 /* Frameworks */,
				397016A9281E2BA9006747D6 /* Resources */,
			);
			buildRules = (
			);
			dependencies = (
				397016AD281E2BA9006747D6 /* PBXTargetDependency */,
			);
			name = "Tests iOS";
			productName = "Tests iOS";
			productReference = 397016AB281E2BA9006747D6 /* Tests iOS.xctest */;
			productType = "com.apple.product-type.bundle.ui-testing";
		};
		397016B6281E2BA9006747D6 /* Tests macOS */ = {
			isa = PBXNativeTarget;
			buildConfigurationList = 397016D4281E2BA9006747D6 /* Build configuration list for PBXNativeTarget "Tests macOS" */;
			buildPhases = (
				397016B3281E2BA9006747D6 /* Sources */,
				397016B4281E2BA9006747D6 /* Frameworks */,
				397016B5281E2BA9006747D6 /* Resources */,
			);
			buildRules = (
			);
			dependencies = (
				397016B9281E2BA9006747D6 /* PBXTargetDependency */,
			);
			name = "Tests macOS";
			productName = "Tests macOS";
			productReference = 397016B7281E2BA9006747D6 /* Tests macOS.xctest */;
			productType = "com.apple.product-type.bundle.ui-testing";
		};
/* End PBXNativeTarget section */

/* Begin PBXProject section */
		3970168F281E2BA8006747D6 /* Project object */ = {
			isa = PBXProject;
			attributes = {
				BuildIndependentTargetsInParallel = 1;
				LastSwiftUpdateCheck = 1320;
				LastUpgradeCheck = 1320;
				TargetAttributes = {
					3970169D281E2BA8006747D6 = {
						CreatedOnToolsVersion = 13.2.1;
					};
					397016A3281E2BA9006747D6 = {
						CreatedOnToolsVersion = 13.2.1;
					};
					397016AA281E2BA9006747D6 = {
						CreatedOnToolsVersion = 13.2.1;
						TestTargetID = 3970169D281E2BA8006747D6;
					};
					397016B6281E2BA9006747D6 = {
						CreatedOnToolsVersion = 13.2.1;
						TestTargetID = 397016A3281E2BA9006747D6;
					};
				};
			};
			buildConfigurationList = 39701692281E2BA8006747D6 /* Build configuration list for PBXProject "BasicUI-SwiftUI" */;
			compatibilityVersion = "Xcode 13.0";
			developmentRegion = en;
			hasScannedForEncodings = 0;
			knownRegions = (
				en,
				Base,
			);
			mainGroup = 3970168E281E2BA8006747D6;
			productRefGroup = 3970169F281E2BA8006747D6 /* Products */;
			projectDirPath = "";
			projectRoot = "";
			targets = (
				3970169D281E2BA8006747D6 /* BasicUI-SwiftUI (iOS) */,
				397016A3281E2BA9006747D6 /* BasicUI-SwiftUI (macOS) */,
				397016AA281E2BA9006747D6 /* Tests iOS */,
				397016B6281E2BA9006747D6 /* Tests macOS */,
			);
		};
/* End PBXProject section */

/* Begin PBXResourcesBuildPhase section */
		3970169C281E2BA8006747D6 /* Resources */ = {
			isa = PBXResourcesBuildPhase;
			buildActionMask = 2147483647;
			files = (
				397016C7281E2BA9006747D6 /* Assets.xcassets in Resources */,
			);
			runOnlyForDeploymentPostprocessing = 0;
		};
		397016A2281E2BA9006747D6 /* Resources */ = {
			isa = PBXResourcesBuildPhase;
			buildActionMask = 2147483647;
			files = (
				397016C8281E2BA9006747D6 /* Assets.xcassets in Resources */,
			);
			runOnlyForDeploymentPostprocessing = 0;
		};
		397016A9281E2BA9006747D6 /* Resources */ = {
			isa = PBXResourcesBuildPhase;
			buildActionMask = 2147483647;
			files = (
			);
			runOnlyForDeploymentPostprocessing = 0;
		};
		397016B5281E2BA9006747D6 /* Resources */ = {
			isa = PBXResourcesBuildPhase;
			buildActionMask = 2147483647;
			files = (
			);
			runOnlyForDeploymentPostprocessing = 0;
		};
/* End PBXResourcesBuildPhase section */

/* Begin PBXSourcesBuildPhase section */
		3970169A281E2BA8006747D6 /* Sources */ = {
			isa = PBXSourcesBuildPhase;
			buildActionMask = 2147483647;
			files = (
				394B976428484AA6000DF61D /* XHNewReleasesCell.swift in Sources */,
				394B976728484FEE000DF61D /* XHTopweeklySection.swift in Sources */,
				397016DB281E2EE2006747D6 /* LoginView.swift in Sources */,
				39D4301C289A12BD001AE3E3 /* CounterDetail2View.swift in Sources */,
				39EC99312877289100AAD65D /* TrustWalletHome.swift in Sources */,
				397753DC286234F800472A68 /* AirbnbHomePage.swift in Sources */,
				392A65032863814D004E8B62 /* CustomTabBar.swift in Sources */,
				3903BA072879B8940084AC8A /* PasswordTF.swift in Sources */,
				39EC99342877303200AAD65D /* CustomColors.swift in Sources */,
				394B975E28484A33000DF61D /* XeloHomeArtistSection.swift in Sources */,
				394B976A28485193000DF61D /* XHTopweeklyCell.swift in Sources */,
				393D1ABE288655D8002499FC /* Snackbar.swift in Sources */,
				397016D8281E2CFA006747D6 /* SaveTimeView.swift in Sources */,
				391362522847DE14007DAF92 /* XelaHomeArtistView.swift in Sources */,
				392041A42896F84D001DDA31 /* CounterDetailView.swift in Sources */,
				39D4301F289A2E0A001AE3E3 /* CounterDetail3View.swift in Sources */,
				397016C1281E2BA9006747D6 /* BasicUI_SwiftUIApp.swift in Sources */,
				397016C5281E2BA9006747D6 /* Persistence.swift in Sources */,
				3913624F2847D851007DAF92 /* XelaMusicView.swift in Sources */,
				39DF3FB82894CFBD00ADE33E /* CounterVM.swift in Sources */,
				39253F5A2862B6B500A75EB7 /* HostExperienceSection.swift in Sources */,
				397016BF281E2BA9006747D6 /* BasicUI_SwiftUI.xcdatamodeld in Sources */,
				398E2B062826E5CD00714DE9 /* VerifyRecoveryPhrase.swift in Sources */,
				39526495285ECDF90034B1B5 /* WelcomeScreen.swift in Sources */,
				397016C3281E2BA9006747D6 /* ContentView.swift in Sources */,
				394B976128484A74000DF61D /* XeloHomeNewReleasesSection.swift in Sources */,
				39DF3FBC2894CFFB00ADE33E /* CounterView.swift in Sources */,
			);
			runOnlyForDeploymentPostprocessing = 0;
		};
		397016A0281E2BA9006747D6 /* Sources */ = {
			isa = PBXSourcesBuildPhase;
			buildActionMask = 2147483647;
			files = (
				394B976528484AA6000DF61D /* XHNewReleasesCell.swift in Sources */,
				39D4301D289A12BD001AE3E3 /* CounterDetail2View.swift in Sources */,
				39253F5B2862B6B500A75EB7 /* HostExperienceSection.swift in Sources */,
				394B976828484FEE000DF61D /* XHTopweeklySection.swift in Sources */,
				397016DC281E2EE2006747D6 /* LoginView.swift in Sources */,
				39EC99322877289100AAD65D /* TrustWalletHome.swift in Sources */,
				39DF3FB92894CFBD00ADE33E /* CounterVM.swift in Sources */,
				397753DD286234F800472A68 /* AirbnbHomePage.swift in Sources */,
				394B975F28484A33000DF61D /* XeloHomeArtistSection.swift in Sources */,
				394B976B28485193000DF61D /* XHTopweeklyCell.swift in Sources */,
				397016D9281E2CFA006747D6 /* SaveTimeView.swift in Sources */,
				392A65042863814D004E8B62 /* CustomTabBar.swift in Sources */,
				39D43020289A2E0A001AE3E3 /* CounterDetail3View.swift in Sources */,
				391362532847DE14007DAF92 /* XelaHomeArtistView.swift in Sources */,
				397016C2281E2BA9006747D6 /* BasicUI_SwiftUIApp.swift in Sources */,
				397016C6281E2BA9006747D6 /* Persistence.swift in Sources */,
				391362502847D851007DAF92 /* XelaMusicView.swift in Sources */,
				397016C0281E2BA9006747D6 /* BasicUI_SwiftUI.xcdatamodeld in Sources */,
				398E2B072826E5CD00714DE9 /* VerifyRecoveryPhrase.swift in Sources */,
				39DF3FBD2894CFFB00ADE33E /* CounterView.swift in Sources */,
				39EC99352877303200AAD65D /* CustomColors.swift in Sources */,
				397016C4281E2BA9006747D6 /* ContentView.swift in Sources */,
				392041A52896F84D001DDA31 /* CounterDetailView.swift in Sources */,
				394B976228484A74000DF61D /* XeloHomeNewReleasesSection.swift in Sources */,
			);
			runOnlyForDeploymentPostprocessing = 0;
		};
		397016A7281E2BA9006747D6 /* Sources */ = {
			isa = PBXSourcesBuildPhase;
			buildActionMask = 2147483647;
			files = (
				397016B2281E2BA9006747D6 /* Tests_iOSLaunchTests.swift in Sources */,
				397016B0281E2BA9006747D6 /* Tests_iOS.swift in Sources */,
			);
			runOnlyForDeploymentPostprocessing = 0;
		};
		397016B3281E2BA9006747D6 /* Sources */ = {
			isa = PBXSourcesBuildPhase;
			buildActionMask = 2147483647;
			files = (
				397016BE281E2BA9006747D6 /* Tests_macOSLaunchTests.swift in Sources */,
				397016BC281E2BA9006747D6 /* Tests_macOS.swift in Sources */,
			);
			runOnlyForDeploymentPostprocessing = 0;
		};
/* End PBXSourcesBuildPhase section */

/* Begin PBXTargetDependency section */
		397016AD281E2BA9006747D6 /* PBXTargetDependency */ = {
			isa = PBXTargetDependency;
			target = 3970169D281E2BA8006747D6 /* BasicUI-SwiftUI (iOS) */;
			targetProxy = 397016AC281E2BA9006747D6 /* PBXContainerItemProxy */;
		};
		397016B9281E2BA9006747D6 /* PBXTargetDependency */ = {
			isa = PBXTargetDependency;
			target = 397016A3281E2BA9006747D6 /* BasicUI-SwiftUI (macOS) */;
			targetProxy = 397016B8281E2BA9006747D6 /* PBXContainerItemProxy */;
		};
/* End PBXTargetDependency section */

/* Begin XCBuildConfiguration section */
		397016C9281E2BA9006747D6 /* Debug */ = {
			isa = XCBuildConfiguration;
			buildSettings = {
				ALWAYS_SEARCH_USER_PATHS = NO;
				CLANG_ANALYZER_NONNULL = YES;
				CLANG_ANALYZER_NUMBER_OBJECT_CONVERSION = YES_AGGRESSIVE;
				CLANG_CXX_LANGUAGE_STANDARD = "gnu++17";
				CLANG_CXX_LIBRARY = "libc++";
				CLANG_ENABLE_MODULES = YES;
				CLANG_ENABLE_OBJC_ARC = YES;
				CLANG_ENABLE_OBJC_WEAK = YES;
				CLANG_WARN_BLOCK_CAPTURE_AUTORELEASING = YES;
				CLANG_WARN_BOOL_CONVERSION = YES;
				CLANG_WARN_COMMA = YES;
				CLANG_WARN_CONSTANT_CONVERSION = YES;
				CLANG_WARN_DEPRECATED_OBJC_IMPLEMENTATIONS = YES;
				CLANG_WARN_DIRECT_OBJC_ISA_USAGE = YES_ERROR;
				CLANG_WARN_DOCUMENTATION_COMMENTS = YES;
				CLANG_WARN_EMPTY_BODY = YES;
				CLANG_WARN_ENUM_CONVERSION = YES;
				CLANG_WARN_INFINITE_RECURSION = YES;
				CLANG_WARN_INT_CONVERSION = YES;
				CLANG_WARN_NON_LITERAL_NULL_CONVERSION = YES;
				CLANG_WARN_OBJC_IMPLICIT_RETAIN_SELF = YES;
				CLANG_WARN_OBJC_LITERAL_CONVERSION = YES;
				CLANG_WARN_OBJC_ROOT_CLASS = YES_ERROR;
				CLANG_WARN_QUOTED_INCLUDE_IN_FRAMEWORK_HEADER = YES;
				CLANG_WARN_RANGE_LOOP_ANALYSIS = YES;
				CLANG_WARN_STRICT_PROTOTYPES = YES;
				CLANG_WARN_SUSPICIOUS_MOVE = YES;
				CLANG_WARN_UNGUARDED_AVAILABILITY = YES_AGGRESSIVE;
				CLANG_WARN_UNREACHABLE_CODE = YES;
				CLANG_WARN__DUPLICATE_METHOD_MATCH = YES;
				COPY_PHASE_STRIP = NO;
				DEBUG_INFORMATION_FORMAT = dwarf;
				ENABLE_STRICT_OBJC_MSGSEND = YES;
				ENABLE_TESTABILITY = YES;
				GCC_C_LANGUAGE_STANDARD = gnu11;
				GCC_DYNAMIC_NO_PIC = NO;
				GCC_NO_COMMON_BLOCKS = YES;
				GCC_OPTIMIZATION_LEVEL = 0;
				GCC_PREPROCESSOR_DEFINITIONS = (
					"DEBUG=1",
					"$(inherited)",
				);
				GCC_WARN_64_TO_32_BIT_CONVERSION = YES;
				GCC_WARN_ABOUT_RETURN_TYPE = YES_ERROR;
				GCC_WARN_UNDECLARED_SELECTOR = YES;
				GCC_WARN_UNINITIALIZED_AUTOS = YES_AGGRESSIVE;
				GCC_WARN_UNUSED_FUNCTION = YES;
				GCC_WARN_UNUSED_VARIABLE = YES;
				MTL_ENABLE_DEBUG_INFO = INCLUDE_SOURCE;
				MTL_FAST_MATH = YES;
				ONLY_ACTIVE_ARCH = YES;
				SWIFT_ACTIVE_COMPILATION_CONDITIONS = DEBUG;
				SWIFT_OPTIMIZATION_LEVEL = "-Onone";
			};
			name = Debug;
		};
		397016CA281E2BA9006747D6 /* Release */ = {
			isa = XCBuildConfiguration;
			buildSettings = {
				ALWAYS_SEARCH_USER_PATHS = NO;
				CLANG_ANALYZER_NONNULL = YES;
				CLANG_ANALYZER_NUMBER_OBJECT_CONVERSION = YES_AGGRESSIVE;
				CLANG_CXX_LANGUAGE_STANDARD = "gnu++17";
				CLANG_CXX_LIBRARY = "libc++";
				CLANG_ENABLE_MODULES = YES;
				CLANG_ENABLE_OBJC_ARC = YES;
				CLANG_ENABLE_OBJC_WEAK = YES;
				CLANG_WARN_BLOCK_CAPTURE_AUTORELEASING = YES;
				CLANG_WARN_BOOL_CONVERSION = YES;
				CLANG_WARN_COMMA = YES;
				CLANG_WARN_CONSTANT_CONVERSION = YES;
				CLANG_WARN_DEPRECATED_OBJC_IMPLEMENTATIONS = YES;
				CLANG_WARN_DIRECT_OBJC_ISA_USAGE = YES_ERROR;
				CLANG_WARN_DOCUMENTATION_COMMENTS = YES;
				CLANG_WARN_EMPTY_BODY = YES;
				CLANG_WARN_ENUM_CONVERSION = YES;
				CLANG_WARN_INFINITE_RECURSION = YES;
				CLANG_WARN_INT_CONVERSION = YES;
				CLANG_WARN_NON_LITERAL_NULL_CONVERSION = YES;
				CLANG_WARN_OBJC_IMPLICIT_RETAIN_SELF = YES;
				CLANG_WARN_OBJC_LITERAL_CONVERSION = YES;
				CLANG_WARN_OBJC_ROOT_CLASS = YES_ERROR;
				CLANG_WARN_QUOTED_INCLUDE_IN_FRAMEWORK_HEADER = YES;
				CLANG_WARN_RANGE_LOOP_ANALYSIS = YES;
				CLANG_WARN_STRICT_PROTOTYPES = YES;
				CLANG_WARN_SUSPICIOUS_MOVE = YES;
				CLANG_WARN_UNGUARDED_AVAILABILITY = YES_AGGRESSIVE;
				CLANG_WARN_UNREACHABLE_CODE = YES;
				CLANG_WARN__DUPLICATE_METHOD_MATCH = YES;
				COPY_PHASE_STRIP = NO;
				DEBUG_INFORMATION_FORMAT = "dwarf-with-dsym";
				ENABLE_NS_ASSERTIONS = NO;
				ENABLE_STRICT_OBJC_MSGSEND = YES;
				GCC_C_LANGUAGE_STANDARD = gnu11;
				GCC_NO_COMMON_BLOCKS = YES;
				GCC_WARN_64_TO_32_BIT_CONVERSION = YES;
				GCC_WARN_ABOUT_RETURN_TYPE = YES_ERROR;
				GCC_WARN_UNDECLARED_SELECTOR = YES;
				GCC_WARN_UNINITIALIZED_AUTOS = YES_AGGRESSIVE;
				GCC_WARN_UNUSED_FUNCTION = YES;
				GCC_WARN_UNUSED_VARIABLE = YES;
				MTL_ENABLE_DEBUG_INFO = NO;
				MTL_FAST_MATH = YES;
				SWIFT_COMPILATION_MODE = wholemodule;
				SWIFT_OPTIMIZATION_LEVEL = "-O";
			};
			name = Release;
		};
		397016CC281E2BA9006747D6 /* Debug */ = {
			isa = XCBuildConfiguration;
			buildSettings = {
				ASSETCATALOG_COMPILER_APPICON_NAME = AppIcon;
				ASSETCATALOG_COMPILER_GLOBAL_ACCENT_COLOR_NAME = AccentColor;
				CODE_SIGN_STYLE = Automatic;
				CURRENT_PROJECT_VERSION = 1;
				DEVELOPMENT_TEAM = T9YNGR22U4;
				ENABLE_PREVIEWS = YES;
				GENERATE_INFOPLIST_FILE = YES;
				INFOPLIST_KEY_UIApplicationSceneManifest_Generation = YES;
				INFOPLIST_KEY_UIApplicationSupportsIndirectInputEvents = YES;
				INFOPLIST_KEY_UILaunchScreen_Generation = YES;
				INFOPLIST_KEY_UISupportedInterfaceOrientations_iPad = "UIInterfaceOrientationPortrait UIInterfaceOrientationPortraitUpsideDown UIInterfaceOrientationLandscapeLeft UIInterfaceOrientationLandscapeRight";
				INFOPLIST_KEY_UISupportedInterfaceOrientations_iPhone = "UIInterfaceOrientationPortrait UIInterfaceOrientationLandscapeLeft UIInterfaceOrientationLandscapeRight";
				IPHONEOS_DEPLOYMENT_TARGET = 15.2;
				LD_RUNPATH_SEARCH_PATHS = (
					"$(inherited)",
					"@executable_path/Frameworks",
				);
				MARKETING_VERSION = 1.0;
				PRODUCT_BUNDLE_IDENTIFIER = "com.ismayil.products.BasicUI-SwiftUI";
				PRODUCT_NAME = "BasicUI-SwiftUI";
				SDKROOT = iphoneos;
				SWIFT_EMIT_LOC_STRINGS = YES;
				SWIFT_VERSION = 5.0;
				TARGETED_DEVICE_FAMILY = "1,2";
			};
			name = Debug;
		};
		397016CD281E2BA9006747D6 /* Release */ = {
			isa = XCBuildConfiguration;
			buildSettings = {
				ASSETCATALOG_COMPILER_APPICON_NAME = AppIcon;
				ASSETCATALOG_COMPILER_GLOBAL_ACCENT_COLOR_NAME = AccentColor;
				CODE_SIGN_STYLE = Automatic;
				CURRENT_PROJECT_VERSION = 1;
				DEVELOPMENT_TEAM = T9YNGR22U4;
				ENABLE_PREVIEWS = YES;
				GENERATE_INFOPLIST_FILE = YES;
				INFOPLIST_KEY_UIApplicationSceneManifest_Generation = YES;
				INFOPLIST_KEY_UIApplicationSupportsIndirectInputEvents = YES;
				INFOPLIST_KEY_UILaunchScreen_Generation = YES;
				INFOPLIST_KEY_UISupportedInterfaceOrientations_iPad = "UIInterfaceOrientationPortrait UIInterfaceOrientationPortraitUpsideDown UIInterfaceOrientationLandscapeLeft UIInterfaceOrientationLandscapeRight";
				INFOPLIST_KEY_UISupportedInterfaceOrientations_iPhone = "UIInterfaceOrientationPortrait UIInterfaceOrientationLandscapeLeft UIInterfaceOrientationLandscapeRight";
				IPHONEOS_DEPLOYMENT_TARGET = 15.2;
				LD_RUNPATH_SEARCH_PATHS = (
					"$(inherited)",
					"@executable_path/Frameworks",
				);
				MARKETING_VERSION = 1.0;
				PRODUCT_BUNDLE_IDENTIFIER = "com.ismayil.products.BasicUI-SwiftUI";
				PRODUCT_NAME = "BasicUI-SwiftUI";
				SDKROOT = iphoneos;
				SWIFT_EMIT_LOC_STRINGS = YES;
				SWIFT_VERSION = 5.0;
				TARGETED_DEVICE_FAMILY = "1,2";
				VALIDATE_PRODUCT = YES;
			};
			name = Release;
		};
		397016CF281E2BA9006747D6 /* Debug */ = {
			isa = XCBuildConfiguration;
			buildSettings = {
				ASSETCATALOG_COMPILER_APPICON_NAME = AppIcon;
				ASSETCATALOG_COMPILER_GLOBAL_ACCENT_COLOR_NAME = AccentColor;
				CODE_SIGN_ENTITLEMENTS = macOS/macOS.entitlements;
				CODE_SIGN_STYLE = Automatic;
				COMBINE_HIDPI_IMAGES = YES;
				CURRENT_PROJECT_VERSION = 1;
				DEVELOPMENT_TEAM = T9YNGR22U4;
				ENABLE_HARDENED_RUNTIME = YES;
				ENABLE_PREVIEWS = YES;
				GENERATE_INFOPLIST_FILE = YES;
				INFOPLIST_KEY_NSHumanReadableCopyright = "";
				LD_RUNPATH_SEARCH_PATHS = (
					"$(inherited)",
					"@executable_path/../Frameworks",
				);
				MACOSX_DEPLOYMENT_TARGET = 12.1;
				MARKETING_VERSION = 1.0;
				PRODUCT_BUNDLE_IDENTIFIER = "com.ismayil.products.BasicUI-SwiftUI";
				PRODUCT_NAME = "BasicUI-SwiftUI";
				SDKROOT = macosx;
				SWIFT_EMIT_LOC_STRINGS = YES;
				SWIFT_VERSION = 5.0;
			};
			name = Debug;
		};
		397016D0281E2BA9006747D6 /* Release */ = {
			isa = XCBuildConfiguration;
			buildSettings = {
				ASSETCATALOG_COMPILER_APPICON_NAME = AppIcon;
				ASSETCATALOG_COMPILER_GLOBAL_ACCENT_COLOR_NAME = AccentColor;
				CODE_SIGN_ENTITLEMENTS = macOS/macOS.entitlements;
				CODE_SIGN_STYLE = Automatic;
				COMBINE_HIDPI_IMAGES = YES;
				CURRENT_PROJECT_VERSION = 1;
				DEVELOPMENT_TEAM = T9YNGR22U4;
				ENABLE_HARDENED_RUNTIME = YES;
				ENABLE_PREVIEWS = YES;
				GENERATE_INFOPLIST_FILE = YES;
				INFOPLIST_KEY_NSHumanReadableCopyright = "";
				LD_RUNPATH_SEARCH_PATHS = (
					"$(inherited)",
					"@executable_path/../Frameworks",
				);
				MACOSX_DEPLOYMENT_TARGET = 12.1;
				MARKETING_VERSION = 1.0;
				PRODUCT_BUNDLE_IDENTIFIER = "com.ismayil.products.BasicUI-SwiftUI";
				PRODUCT_NAME = "BasicUI-SwiftUI";
				SDKROOT = macosx;
				SWIFT_EMIT_LOC_STRINGS = YES;
				SWIFT_VERSION = 5.0;
			};
			name = Release;
		};
		397016D2281E2BA9006747D6 /* Debug */ = {
			isa = XCBuildConfiguration;
			buildSettings = {
				ALWAYS_EMBED_SWIFT_STANDARD_LIBRARIES = YES;
				CODE_SIGN_STYLE = Automatic;
				CURRENT_PROJECT_VERSION = 1;
				DEVELOPMENT_TEAM = T9YNGR22U4;
				GENERATE_INFOPLIST_FILE = YES;
				IPHONEOS_DEPLOYMENT_TARGET = 15.2;
				MARKETING_VERSION = 1.0;
				PRODUCT_BUNDLE_IDENTIFIER = "com.ismayil.products.Tests-iOS";
				PRODUCT_NAME = "$(TARGET_NAME)";
				SDKROOT = iphoneos;
				SWIFT_EMIT_LOC_STRINGS = NO;
				SWIFT_VERSION = 5.0;
				TARGETED_DEVICE_FAMILY = "1,2";
				TEST_TARGET_NAME = "BasicUI-SwiftUI (iOS)";
			};
			name = Debug;
		};
		397016D3281E2BA9006747D6 /* Release */ = {
			isa = XCBuildConfiguration;
			buildSettings = {
				ALWAYS_EMBED_SWIFT_STANDARD_LIBRARIES = YES;
				CODE_SIGN_STYLE = Automatic;
				CURRENT_PROJECT_VERSION = 1;
				DEVELOPMENT_TEAM = T9YNGR22U4;
				GENERATE_INFOPLIST_FILE = YES;
				IPHONEOS_DEPLOYMENT_TARGET = 15.2;
				MARKETING_VERSION = 1.0;
				PRODUCT_BUNDLE_IDENTIFIER = "com.ismayil.products.Tests-iOS";
				PRODUCT_NAME = "$(TARGET_NAME)";
				SDKROOT = iphoneos;
				SWIFT_EMIT_LOC_STRINGS = NO;
				SWIFT_VERSION = 5.0;
				TARGETED_DEVICE_FAMILY = "1,2";
				TEST_TARGET_NAME = "BasicUI-SwiftUI (iOS)";
				VALIDATE_PRODUCT = YES;
			};
			name = Release;
		};
		397016D5281E2BA9006747D6 /* Debug */ = {
			isa = XCBuildConfiguration;
			buildSettings = {
				ALWAYS_EMBED_SWIFT_STANDARD_LIBRARIES = YES;
				CODE_SIGN_STYLE = Automatic;
				CURRENT_PROJECT_VERSION = 1;
				DEVELOPMENT_TEAM = T9YNGR22U4;
				GENERATE_INFOPLIST_FILE = YES;
				MACOSX_DEPLOYMENT_TARGET = 12.1;
				MARKETING_VERSION = 1.0;
				PRODUCT_BUNDLE_IDENTIFIER = "com.ismayil.products.Tests-macOS";
				PRODUCT_NAME = "$(TARGET_NAME)";
				SDKROOT = macosx;
				SWIFT_EMIT_LOC_STRINGS = NO;
				SWIFT_VERSION = 5.0;
				TEST_TARGET_NAME = "BasicUI-SwiftUI (macOS)";
			};
			name = Debug;
		};
		397016D6281E2BA9006747D6 /* Release */ = {
			isa = XCBuildConfiguration;
			buildSettings = {
				ALWAYS_EMBED_SWIFT_STANDARD_LIBRARIES = YES;
				CODE_SIGN_STYLE = Automatic;
				CURRENT_PROJECT_VERSION = 1;
				DEVELOPMENT_TEAM = T9YNGR22U4;
				GENERATE_INFOPLIST_FILE = YES;
				MACOSX_DEPLOYMENT_TARGET = 12.1;
				MARKETING_VERSION = 1.0;
				PRODUCT_BUNDLE_IDENTIFIER = "com.ismayil.products.Tests-macOS";
				PRODUCT_NAME = "$(TARGET_NAME)";
				SDKROOT = macosx;
				SWIFT_EMIT_LOC_STRINGS = NO;
				SWIFT_VERSION = 5.0;
				TEST_TARGET_NAME = "BasicUI-SwiftUI (macOS)";
			};
			name = Release;
		};
/* End XCBuildConfiguration section */

/* Begin XCConfigurationList section */
		39701692281E2BA8006747D6 /* Build configuration list for PBXProject "BasicUI-SwiftUI" */ = {
			isa = XCConfigurationList;
			buildConfigurations = (
				397016C9281E2BA9006747D6 /* Debug */,
				397016CA281E2BA9006747D6 /* Release */,
			);
			defaultConfigurationIsVisible = 0;
			defaultConfigurationName = Release;
		};
		397016CB281E2BA9006747D6 /* Build configuration list for PBXNativeTarget "BasicUI-SwiftUI (iOS)" */ = {
			isa = XCConfigurationList;
			buildConfigurations = (
				397016CC281E2BA9006747D6 /* Debug */,
				397016CD281E2BA9006747D6 /* Release */,
			);
			defaultConfigurationIsVisible = 0;
			defaultConfigurationName = Release;
		};
		397016CE281E2BA9006747D6 /* Build configuration list for PBXNativeTarget "BasicUI-SwiftUI (macOS)" */ = {
			isa = XCConfigurationList;
			buildConfigurations = (
				397016CF281E2BA9006747D6 /* Debug */,
				397016D0281E2BA9006747D6 /* Release */,
			);
			defaultConfigurationIsVisible = 0;
			defaultConfigurationName = Release;
		};
		397016D1281E2BA9006747D6 /* Build configuration list for PBXNativeTarget "Tests iOS" */ = {
			isa = XCConfigurationList;
			buildConfigurations = (
				397016D2281E2BA9006747D6 /* Debug */,
				397016D3281E2BA9006747D6 /* Release */,
			);
			defaultConfigurationIsVisible = 0;
			defaultConfigurationName = Release;
		};
		397016D4281E2BA9006747D6 /* Build configuration list for PBXNativeTarget "Tests macOS" */ = {
			isa = XCConfigurationList;
			buildConfigurations = (
				397016D5281E2BA9006747D6 /* Debug */,
				397016D6281E2BA9006747D6 /* Release */,
			);
			defaultConfigurationIsVisible = 0;
			defaultConfigurationName = Release;
		};
/* End XCConfigurationList section */

/* Begin XCVersionGroup section */
		39701694281E2BA8006747D6 /* BasicUI_SwiftUI.xcdatamodeld */ = {
			isa = XCVersionGroup;
			children = (
				39701695281E2BA8006747D6 /* Shared.xcdatamodel */,
			);
			currentVersion = 39701695281E2BA8006747D6 /* Shared.xcdatamodel */;
			path = BasicUI_SwiftUI.xcdatamodeld;
			sourceTree = "<group>";
			versionGroupType = wrapper.xcdatamodel;
		};
/* End XCVersionGroup section */
	};
	rootObject = 3970168F281E2BA8006747D6 /* Project object */;
}
